
Microsoft Visual Studio Solution File, Format Version 12.00
# Visual Studio Version 17
VisualStudioVersion = 17.8.34316.72
MinimumVisualStudioVersion = 10.0.40219.1
Project("{8BC9CEB8-8B4A-11D0-8D11-00A0C91BC942}") = "Homework__4", "Homework__4.vcxproj", "{8103AE5C-2DFF-473B-9DA3-E7263A53103D}"
EndProject
Global
	GlobalSection(SolutionConfigurationPlatforms) = preSolution
		Debug|x64 = Debug|x64
		Debug|x86 = Debug|x86
		Release|x64 = Release|x64
		Release|x86 = Release|x86
	EndGlobalSection
	GlobalSection(ProjectConfigurationPlatforms) = postSolution
		{8103AE5C-2DFF-473B-9DA3-E7263A53103D}.Debug|x64.ActiveCfg = Debug|x64
		{8103AE5C-2DFF-473B-9DA3-E7263A53103D}.Debug|x64.Build.0 = Debug|x64
		{8103AE5C-2DFF-473B-9DA3-E7263A53103D}.Debug|x86.ActiveCfg = Debug|Win32
		{8103AE5C-2DFF-473B-9DA3-E7263A53103D}.Debug|x86.Build.0 = Debug|Win32
		{8103AE5C-2DFF-473B-9DA3-E7263A53103D}.Release|x64.ActiveCfg = Release|x64
		{8103AE5C-2DFF-473B-9DA3-E7263A53103D}.Release|x64.Build.0 = Release|x64
		{8103AE5C-2DFF-473B-9DA3-E7263A53103D}.Release|x86.ActiveCfg = Release|Win32
		{8103AE5C-2DFF-473B-9DA3-E7263A53103D}.Release|x86.Build.0 = Release|Win32
	EndGlobalSection
	GlobalSection(SolutionProperties) = preSolution
		HideSolutionNode = FALSE
	EndGlobalSection
	GlobalSection(ExtensibilityGlobals) = postSolution
		SolutionGuid = {4250EEF1-E799-4BC6-930E-AF344E619A52}
	EndGlobalSection
EndGlobal
